// !$*UTF8*$!
{
	archiveVersion = 1;
	classes = {
	};
	objectVersion = 50;
	objects = {

/* Begin PBXBuildFile section */
		BF0B02BF21E7DF0200D796B4 /* ImpactViewController.swift in Sources */ = {isa = PBXBuildFile; fileRef = BF0B02BE21E7DF0200D796B4 /* ImpactViewController.swift */; };
		BF61C19A21DFF77900263952 /* AppDelegate.swift in Sources */ = {isa = PBXBuildFile; fileRef = BF61C19921DFF77900263952 /* AppDelegate.swift */; };
		BF61C19F21DFF77900263952 /* Main.storyboard in Resources */ = {isa = PBXBuildFile; fileRef = BF61C19D21DFF77900263952 /* Main.storyboard */; };
		BF61C1A121DFF78300263952 /* Assets.xcassets in Resources */ = {isa = PBXBuildFile; fileRef = BF61C1A021DFF78300263952 /* Assets.xcassets */; };
		BF61C1A421DFF78300263952 /* LaunchScreen.storyboard in Resources */ = {isa = PBXBuildFile; fileRef = BF61C1A221DFF78300263952 /* LaunchScreen.storyboard */; };
		BF61C1B521DFF8F300263952 /* ArtCollectionViewController.swift in Sources */ = {isa = PBXBuildFile; fileRef = BF61C1B321DFF8F300263952 /* ArtCollectionViewController.swift */; };
		BF61C1B821DFF90F00263952 /* DataViewController.swift in Sources */ = {isa = PBXBuildFile; fileRef = BF61C1B621DFF90F00263952 /* DataViewController.swift */; };
		BF61C1B921DFF90F00263952 /* BucketItemCell.swift in Sources */ = {isa = PBXBuildFile; fileRef = BF61C1B721DFF90F00263952 /* BucketItemCell.swift */; };
		BF61C1BB21DFF92200263952 /* AbstractionViewController.swift in Sources */ = {isa = PBXBuildFile; fileRef = BF61C1BA21DFF92200263952 /* AbstractionViewController.swift */; };
		BF61C1BD21DFF94600263952 /* AlgorithmViewController.swift in Sources */ = {isa = PBXBuildFile; fileRef = BF61C1BC21DFF94600263952 /* AlgorithmViewController.swift */; };
		BF8D75E321E52AA6008F05E9 /* BucketItem.swift in Sources */ = {isa = PBXBuildFile; fileRef = BF8D75E221E52AA6008F05E9 /* BucketItem.swift */; };
		BF8D75E521E52AF2008F05E9 /* ArtView.swift in Sources */ = {isa = PBXBuildFile; fileRef = BF8D75E421E52AF1008F05E9 /* ArtView.swift */; };
		BF8D75E721E52B09008F05E9 /* ArtCell.swift in Sources */ = {isa = PBXBuildFile; fileRef = BF8D75E621E52B07008F05E9 /* ArtCell.swift */; };
/* End PBXBuildFile section */

/* Begin PBXFileReference section */
		BF0B02BE21E7DF0200D796B4 /* ImpactViewController.swift */ = {isa = PBXFileReference; fileEncoding = 4; lastKnownFileType = sourcecode.swift; path = ImpactViewController.swift; sourceTree = "<group>"; };
		BF61C19621DFF77900263952 /* MegaCSPProject.app */ = {isa = PBXFileReference; explicitFileType = wrapper.application; includeInIndex = 0; path = MegaCSPProject.app; sourceTree = BUILT_PRODUCTS_DIR; };
		BF61C19921DFF77900263952 /* AppDelegate.swift */ = {isa = PBXFileReference; lastKnownFileType = sourcecode.swift; path = AppDelegate.swift; sourceTree = "<group>"; };
		BF61C19E21DFF77900263952 /* Base */ = {isa = PBXFileReference; lastKnownFileType = file.storyboard; name = Base; path = Base.lproj/Main.storyboard; sourceTree = "<group>"; };
		BF61C1A021DFF78300263952 /* Assets.xcassets */ = {isa = PBXFileReference; lastKnownFileType = folder.assetcatalog; path = Assets.xcassets; sourceTree = "<group>"; };
		BF61C1A321DFF78300263952 /* Base */ = {isa = PBXFileReference; lastKnownFileType = file.storyboard; name = Base; path = Base.lproj/LaunchScreen.storyboard; sourceTree = "<group>"; };
		BF61C1A521DFF78300263952 /* Info.plist */ = {isa = PBXFileReference; lastKnownFileType = text.plist.xml; path = Info.plist; sourceTree = "<group>"; };
		BF61C1B321DFF8F300263952 /* ArtCollectionViewController.swift */ = {isa = PBXFileReference; fileEncoding = 4; lastKnownFileType = sourcecode.swift; path = ArtCollectionViewController.swift; sourceTree = "<group>"; };
		BF61C1B621DFF90F00263952 /* DataViewController.swift */ = {isa = PBXFileReference; fileEncoding = 4; lastKnownFileType = sourcecode.swift; path = DataViewController.swift; sourceTree = "<group>"; };
		BF61C1B721DFF90F00263952 /* BucketItemCell.swift */ = {isa = PBXFileReference; fileEncoding = 4; lastKnownFileType = sourcecode.swift; path = BucketItemCell.swift; sourceTree = "<group>"; };
		BF61C1BA21DFF92200263952 /* AbstractionViewController.swift */ = {isa = PBXFileReference; fileEncoding = 4; lastKnownFileType = sourcecode.swift; path = AbstractionViewController.swift; sourceTree = "<group>"; };
		BF61C1BC21DFF94600263952 /* AlgorithmViewController.swift */ = {isa = PBXFileReference; fileEncoding = 4; lastKnownFileType = sourcecode.swift; path = AlgorithmViewController.swift; sourceTree = "<group>"; };
		BF8D75E221E52AA6008F05E9 /* BucketItem.swift */ = {isa = PBXFileReference; fileEncoding = 4; lastKnownFileType = sourcecode.swift; path = BucketItem.swift; sourceTree = "<group>"; };
		BF8D75E421E52AF1008F05E9 /* ArtView.swift */ = {isa = PBXFileReference; fileEncoding = 4; lastKnownFileType = sourcecode.swift; path = ArtView.swift; sourceTree = "<group>"; };
		BF8D75E621E52B07008F05E9 /* ArtCell.swift */ = {isa = PBXFileReference; fileEncoding = 4; lastKnownFileType = sourcecode.swift; path = ArtCell.swift; sourceTree = "<group>"; };
/* End PBXFileReference section */

/* Begin PBXFrameworksBuildPhase section */
		BF61C19321DFF77900263952 /* Frameworks */ = {
			isa = PBXFrameworksBuildPhase;
			buildActionMask = 2147483647;
			files = (
			);
			runOnlyForDeploymentPostprocessing = 0;
		};
/* End PBXFrameworksBuildPhase section */

/* Begin PBXGroup section */
		BF0B02BD21E7DEF500D796B4 /* Impact */ = {
			isa = PBXGroup;
			children = (
				BF0B02BE21E7DF0200D796B4 /* ImpactViewController.swift */,
			);
			path = Impact;
			sourceTree = "<group>";
		};
		BF61C18D21DFF77900263952 = {
			isa = PBXGroup;
			children = (
				BF61C19821DFF77900263952 /* MegaCSPProject */,
				BF61C19721DFF77900263952 /* Products */,
			);
			sourceTree = "<group>";
		};
		BF61C19721DFF77900263952 /* Products */ = {
			isa = PBXGroup;
			children = (
				BF61C19621DFF77900263952 /* MegaCSPProject.app */,
			);
			name = Products;
			sourceTree = "<group>";
		};
		BF61C19821DFF77900263952 /* MegaCSPProject */ = {
			isa = PBXGroup;
			children = (
				BF8D75E121E52A77008F05E9 /* Model */,
				BF61C1AB21DFF79800263952 /* Resources */,
				BF61C1AD21DFF7AC00263952 /* Controller */,
				BF61C1AC21DFF7A500263952 /* View */,
			);
			path = MegaCSPProject;
			sourceTree = "<group>";
		};
		BF61C1AB21DFF79800263952 /* Resources */ = {
			isa = PBXGroup;
			children = (
				BF61C19921DFF77900263952 /* AppDelegate.swift */,
				BF61C1A021DFF78300263952 /* Assets.xcassets */,
				BF61C1A521DFF78300263952 /* Info.plist */,
			);
			path = Resources;
			sourceTree = "<group>";
		};
		BF61C1AC21DFF7A500263952 /* View */ = {
			isa = PBXGroup;
			children = (
				BF8D75E621E52B07008F05E9 /* ArtCell.swift */,
				BF8D75E421E52AF1008F05E9 /* ArtView.swift */,
				BF61C19D21DFF77900263952 /* Main.storyboard */,
				BF61C1A221DFF78300263952 /* LaunchScreen.storyboard */,
			);
			path = View;
			sourceTree = "<group>";
		};
		BF61C1AD21DFF7AC00263952 /* Controller */ = {
			isa = PBXGroup;
			children = (
				BF0B02BD21E7DEF500D796B4 /* Impact */,
				BF61C1B121DFF7E900263952 /* Algorithm */,
				BF61C1B021DFF7E000263952 /* Abstraction */,
				BF61C1AF21DFF7D600263952 /* Creativity */,
				BF61C1AE21DFF7BD00263952 /* Data */,
			);
			path = Controller;
			sourceTree = "<group>";
		};
		BF61C1AE21DFF7BD00263952 /* Data */ = {
			isa = PBXGroup;
			children = (
				BF61C1B721DFF90F00263952 /* BucketItemCell.swift */,
				BF61C1B621DFF90F00263952 /* DataViewController.swift */,
			);
			path = Data;
			sourceTree = "<group>";
		};
		BF61C1AF21DFF7D600263952 /* Creativity */ = {
			isa = PBXGroup;
			children = (
				BF61C1B321DFF8F300263952 /* ArtCollectionViewController.swift */,
			);
			path = Creativity;
			sourceTree = "<group>";
		};
		BF61C1B021DFF7E000263952 /* Abstraction */ = {
			isa = PBXGroup;
			children = (
				BF61C1BA21DFF92200263952 /* AbstractionViewController.swift */,
			);
			path = Abstraction;
			sourceTree = "<group>";
		};
		BF61C1B121DFF7E900263952 /* Algorithm */ = {
			isa = PBXGroup;
			children = (
				BF61C1BC21DFF94600263952 /* AlgorithmViewController.swift */,
			);
			path = Algorithm;
			sourceTree = "<group>";
		};
		BF8D75E121E52A77008F05E9 /* Model */ = {
			isa = PBXGroup;
			children = (
				BF8D75E221E52AA6008F05E9 /* BucketItem.swift */,
			);
			path = Model;
			sourceTree = "<group>";
		};
/* End PBXGroup section */

/* Begin PBXNativeTarget section */
		BF61C19521DFF77900263952 /* MegaCSPProject */ = {
			isa = PBXNativeTarget;
			buildConfigurationList = BF61C1A821DFF78300263952 /* Build configuration list for PBXNativeTarget "MegaCSPProject" */;
			buildPhases = (
				BF61C19221DFF77900263952 /* Sources */,
				BF61C19321DFF77900263952 /* Frameworks */,
				BF61C19421DFF77900263952 /* Resources */,
			);
			buildRules = (
			);
			dependencies = (
			);
			name = MegaCSPProject;
			productName = MegaCSPProject;
			productReference = BF61C19621DFF77900263952 /* MegaCSPProject.app */;
			productType = "com.apple.product-type.application";
		};
/* End PBXNativeTarget section */

/* Begin PBXProject section */
		BF61C18E21DFF77900263952 /* Project object */ = {
			isa = PBXProject;
			attributes = {
				LastSwiftUpdateCheck = 1000;
				LastUpgradeCheck = 1000;
				ORGANIZATIONNAME = CTEC;
				TargetAttributes = {
					BF61C19521DFF77900263952 = {
						CreatedOnToolsVersion = 10.0;
					};
				};
			};
			buildConfigurationList = BF61C19121DFF77900263952 /* Build configuration list for PBXProject "MegaCSPProject" */;
			compatibilityVersion = "Xcode 9.3";
			developmentRegion = en;
			hasScannedForEncodings = 0;
			knownRegions = (
				en,
				Base,
			);
			mainGroup = BF61C18D21DFF77900263952;
			productRefGroup = BF61C19721DFF77900263952 /* Products */;
			projectDirPath = "";
			projectRoot = "";
			targets = (
				BF61C19521DFF77900263952 /* MegaCSPProject */,
			);
		};
/* End PBXProject section */

/* Begin PBXResourcesBuildPhase section */
		BF61C19421DFF77900263952 /* Resources */ = {
			isa = PBXResourcesBuildPhase;
			buildActionMask = 2147483647;
			files = (
				BF61C1A421DFF78300263952 /* LaunchScreen.storyboard in Resources */,
				BF61C1A121DFF78300263952 /* Assets.xcassets in Resources */,
				BF61C19F21DFF77900263952 /* Main.storyboard in Resources */,
			);
			runOnlyForDeploymentPostprocessing = 0;
		};
/* End PBXResourcesBuildPhase section */

/* Begin PBXSourcesBuildPhase section */
		BF61C19221DFF77900263952 /* Sources */ = {
			isa = PBXSourcesBuildPhase;
			buildActionMask = 2147483647;
			files = (
				BF8D75E321E52AA6008F05E9 /* BucketItem.swift in Sources */,
				BF61C1B821DFF90F00263952 /* DataViewController.swift in Sources */,
				BF0B02BF21E7DF0200D796B4 /* ImpactViewController.swift in Sources */,
				BF8D75E721E52B09008F05E9 /* ArtCell.swift in Sources */,
				BF8D75E521E52AF2008F05E9 /* ArtView.swift in Sources */,
				BF61C1B921DFF90F00263952 /* BucketItemCell.swift in Sources */,
				BF61C1BB21DFF92200263952 /* AbstractionViewController.swift in Sources */,
				BF61C1BD21DFF94600263952 /* AlgorithmViewController.swift in Sources */,
				BF61C1B521DFF8F300263952 /* ArtCollectionViewController.swift in Sources */,
				BF61C19A21DFF77900263952 /* AppDelegate.swift in Sources */,
			);
			runOnlyForDeploymentPostprocessing = 0;
		};
/* End PBXSourcesBuildPhase section */

/* Begin PBXVariantGroup section */
		BF61C19D21DFF77900263952 /* Main.storyboard */ = {
			isa = PBXVariantGroup;
			children = (
				BF61C19E21DFF77900263952 /* Base */,
			);
			name = Main.storyboard;
			sourceTree = "<group>";
		};
		BF61C1A221DFF78300263952 /* LaunchScreen.storyboard */ = {
			isa = PBXVariantGroup;
			children = (
				BF61C1A321DFF78300263952 /* Base */,
			);
			name = LaunchScreen.storyboard;
			sourceTree = "<group>";
		};
/* End PBXVariantGroup section */

/* Begin XCBuildConfiguration section */
		BF61C1A621DFF78300263952 /* Debug */ = {
			isa = XCBuildConfiguration;
			buildSettings = {
				ALWAYS_SEARCH_USER_PATHS = NO;
				CLANG_ANALYZER_NONNULL = YES;
				CLANG_ANALYZER_NUMBER_OBJECT_CONVERSION = YES_AGGRESSIVE;
				CLANG_CXX_LANGUAGE_STANDARD = "gnu++14";
				CLANG_CXX_LIBRARY = "libc++";
				CLANG_ENABLE_MODULES = YES;
				CLANG_ENABLE_OBJC_ARC = YES;
				CLANG_ENABLE_OBJC_WEAK = YES;
				CLANG_WARN_BLOCK_CAPTURE_AUTORELEASING = YES;
				CLANG_WARN_BOOL_CONVERSION = YES;
				CLANG_WARN_COMMA = YES;
				CLANG_WARN_CONSTANT_CONVERSION = YES;
				CLANG_WARN_DEPRECATED_OBJC_IMPLEMENTATIONS = YES;
				CLANG_WARN_DIRECT_OBJC_ISA_USAGE = YES_ERROR;
				CLANG_WARN_DOCUMENTATION_COMMENTS = YES;
				CLANG_WARN_EMPTY_BODY = YES;
				CLANG_WARN_ENUM_CONVERSION = YES;
				CLANG_WARN_INFINITE_RECURSION = YES;
				CLANG_WARN_INT_CONVERSION = YES;
				CLANG_WARN_NON_LITERAL_NULL_CONVERSION = YES;
				CLANG_WARN_OBJC_IMPLICIT_RETAIN_SELF = YES;
				CLANG_WARN_OBJC_LITERAL_CONVERSION = YES;
				CLANG_WARN_OBJC_ROOT_CLASS = YES_ERROR;
				CLANG_WARN_RANGE_LOOP_ANALYSIS = YES;
				CLANG_WARN_STRICT_PROTOTYPES = YES;
				CLANG_WARN_SUSPICIOUS_MOVE = YES;
				CLANG_WARN_UNGUARDED_AVAILABILITY = YES_AGGRESSIVE;
				CLANG_WARN_UNREACHABLE_CODE = YES;
				CLANG_WARN__DUPLICATE_METHOD_MATCH = YES;
				CODE_SIGN_IDENTITY = "iPhone Developer";
				COPY_PHASE_STRIP = NO;
				DEBUG_INFORMATION_FORMAT = dwarf;
				ENABLE_STRICT_OBJC_MSGSEND = YES;
				ENABLE_TESTABILITY = YES;
				GCC_C_LANGUAGE_STANDARD = gnu11;
				GCC_DYNAMIC_NO_PIC = NO;
				GCC_NO_COMMON_BLOCKS = YES;
				GCC_OPTIMIZATION_LEVEL = 0;
				GCC_PREPROCESSOR_DEFINITIONS = (
					"DEBUG=1",
					"$(inherited)",
				);
				GCC_WARN_64_TO_32_BIT_CONVERSION = YES;
				GCC_WARN_ABOUT_RETURN_TYPE = YES_ERROR;
				GCC_WARN_UNDECLARED_SELECTOR = YES;
				GCC_WARN_UNINITIALIZED_AUTOS = YES_AGGRESSIVE;
				GCC_WARN_UNUSED_FUNCTION = YES;
				GCC_WARN_UNUSED_VARIABLE = YES;
				IPHONEOS_DEPLOYMENT_TARGET = 12.0;
				MTL_ENABLE_DEBUG_INFO = INCLUDE_SOURCE;
				MTL_FAST_MATH = YES;
				ONLY_ACTIVE_ARCH = YES;
				SDKROOT = iphoneos;
				SWIFT_ACTIVE_COMPILATION_CONDITIONS = DEBUG;
				SWIFT_OPTIMIZATION_LEVEL = "-Onone";
			};
			name = Debug;
		};
		BF61C1A721DFF78300263952 /* Release */ = {
			isa = XCBuildConfiguration;
			buildSettings = {
				ALWAYS_SEARCH_USER_PATHS = NO;
				CLANG_ANALYZER_NONNULL = YES;
				CLANG_ANALYZER_NUMBER_OBJECT_CONVERSION = YES_AGGRESSIVE;
				CLANG_CXX_LANGUAGE_STANDARD = "gnu++14";
				CLANG_CXX_LIBRARY = "libc++";
				CLANG_ENABLE_MODULES = YES;
				CLANG_ENABLE_OBJC_ARC = YES;
				CLANG_ENABLE_OBJC_WEAK = YES;
				CLANG_WARN_BLOCK_CAPTURE_AUTORELEASING = YES;
				CLANG_WARN_BOOL_CONVERSION = YES;
				CLANG_WARN_COMMA = YES;
				CLANG_WARN_CONSTANT_CONVERSION = YES;
				CLANG_WARN_DEPRECATED_OBJC_IMPLEMENTATIONS = YES;
				CLANG_WARN_DIRECT_OBJC_ISA_USAGE = YES_ERROR;
				CLANG_WARN_DOCUMENTATION_COMMENTS = YES;
				CLANG_WARN_EMPTY_BODY = YES;
				CLANG_WARN_ENUM_CONVERSION = YES;
				CLANG_WARN_INFINITE_RECURSION = YES;
				CLANG_WARN_INT_CONVERSION = YES;
				CLANG_WARN_NON_LITERAL_NULL_CONVERSION = YES;
				CLANG_WARN_OBJC_IMPLICIT_RETAIN_SELF = YES;
				CLANG_WARN_OBJC_LITERAL_CONVERSION = YES;
				CLANG_WARN_OBJC_ROOT_CLASS = YES_ERROR;
				CLANG_WARN_RANGE_LOOP_ANALYSIS = YES;
				CLANG_WARN_STRICT_PROTOTYPES = YES;
				CLANG_WARN_SUSPICIOUS_MOVE = YES;
				CLANG_WARN_UNGUARDED_AVAILABILITY = YES_AGGRESSIVE;
				CLANG_WARN_UNREACHABLE_CODE = YES;
				CLANG_WARN__DUPLICATE_METHOD_MATCH = YES;
				CODE_SIGN_IDENTITY = "iPhone Developer";
				COPY_PHASE_STRIP = NO;
				DEBUG_INFORMATION_FORMAT = "dwarf-with-dsym";
				ENABLE_NS_ASSERTIONS = NO;
				ENABLE_STRICT_OBJC_MSGSEND = YES;
				GCC_C_LANGUAGE_STANDARD = gnu11;
				GCC_NO_COMMON_BLOCKS = YES;
				GCC_WARN_64_TO_32_BIT_CONVERSION = YES;
				GCC_WARN_ABOUT_RETURN_TYPE = YES_ERROR;
				GCC_WARN_UNDECLARED_SELECTOR = YES;
				GCC_WARN_UNINITIALIZED_AUTOS = YES_AGGRESSIVE;
				GCC_WARN_UNUSED_FUNCTION = YES;
				GCC_WARN_UNUSED_VARIABLE = YES;
				IPHONEOS_DEPLOYMENT_TARGET = 12.0;
				MTL_ENABLE_DEBUG_INFO = NO;
				MTL_FAST_MATH = YES;
				SDKROOT = iphoneos;
				SWIFT_COMPILATION_MODE = wholemodule;
				SWIFT_OPTIMIZATION_LEVEL = "-O";
				VALIDATE_PRODUCT = YES;
			};
			name = Release;
		};
		BF61C1A921DFF78300263952 /* Debug */ = {
			isa = XCBuildConfiguration;
			buildSettings = {
				ASSETCATALOG_COMPILER_APPICON_NAME = AppIcon;
				CODE_SIGN_STYLE = Automatic;
				INFOPLIST_FILE = "$(SRCROOT)/MegaCSPProject/Resources/Info.plist";
				LD_RUNPATH_SEARCH_PATHS = (
					"$(inherited)",
					"@executable_path/Frameworks",
				);
				PRODUCT_BUNDLE_IDENTIFIER = CTEC.MegaCSPProject;
				PRODUCT_NAME = "$(TARGET_NAME)";
				SWIFT_VERSION = 4.2;
				TARGETED_DEVICE_FAMILY = "1,2";
			};
			name = Debug;
		};
		BF61C1AA21DFF78300263952 /* Release */ = {
			isa = XCBuildConfiguration;
			buildSettings = {
				ASSETCATALOG_COMPILER_APPICON_NAME = AppIcon;
				CODE_SIGN_STYLE = Automatic;
				INFOPLIST_FILE = "$(SRCROOT)/MegaCSPProject/Resources/Info.plist";
				LD_RUNPATH_SEARCH_PATHS = (
					"$(inherited)",
					"@executable_path/Frameworks",
				);
				PRODUCT_BUNDLE_IDENTIFIER = CTEC.MegaCSPProject;
				PRODUCT_NAME = "$(TARGET_NAME)";
				SWIFT_VERSION = 4.2;
				TARGETED_DEVICE_FAMILY = "1,2";
			};
			name = Release;
		};
/* End XCBuildConfiguration section */

/* Begin XCConfigurationList section */
		BF61C19121DFF77900263952 /* Build configuration list for PBXProject "MegaCSPProject" */ = {
			isa = XCConfigurationList;
			buildConfigurations = (
				BF61C1A621DFF78300263952 /* Debug */,
				BF61C1A721DFF78300263952 /* Release */,
			);
			defaultConfigurationIsVisible = 0;
			defaultConfigurationName = Release;
		};
		BF61C1A821DFF78300263952 /* Build configuration list for PBXNativeTarget "MegaCSPProject" */ = {
			isa = XCConfigurationList;
			buildConfigurations = (
				BF61C1A921DFF78300263952 /* Debug */,
				BF61C1AA21DFF78300263952 /* Release */,
			);
			defaultConfigurationIsVisible = 0;
			defaultConfigurationName = Release;
		};
/* End XCConfigurationList section */
	};
	rootObject = BF61C18E21DFF77900263952 /* Project object */;
}
